
Microsoft Visual Studio Solution File, Format Version 12.00
# Visual Studio Version 17
VisualStudioVersion = 17.11.35208.52
MinimumVisualStudioVersion = 10.0.40219.1
Project("{9A19103F-16F7-4668-BE54-9A1E7A4F7556}") = "NUnitTest", "NUnitTest\NUnitTest.csproj", "{0D3DB72C-6C43-4EA8-BDAB-DFA2DAEA4410}"
EndProject
Project("{9A19103F-16F7-4668-BE54-9A1E7A4F7556}") = "UnitTest", "UnitTest\UnitTest.csproj", "{D6CD76D0-26AF-478C-9126-AFA3577BDD0E}"
EndProject
Global
	GlobalSection(SolutionConfigurationPlatforms) = preSolution
		Debug|Any CPU = Debug|Any CPU
		Release|Any CPU = Release|Any CPU
	EndGlobalSection
	GlobalSection(ProjectConfigurationPlatforms) = postSolution
		{0D3DB72C-6C43-4EA8-BDAB-DFA2DAEA4410}.Debug|Any CPU.ActiveCfg = Debug|Any CPU
		{0D3DB72C-6C43-4EA8-BDAB-DFA2DAEA4410}.Debug|Any CPU.Build.0 = Debug|Any CPU
		{0D3DB72C-6C43-4EA8-BDAB-DFA2DAEA4410}.Release|Any CPU.ActiveCfg = Release|Any CPU
		{0D3DB72C-6C43-4EA8-BDAB-DFA2DAEA4410}.Release|Any CPU.Build.0 = Release|Any CPU
		{D6CD76D0-26AF-478C-9126-AFA3577BDD0E}.Debug|Any CPU.ActiveCfg = Debug|Any CPU
		{D6CD76D0-26AF-478C-9126-AFA3577BDD0E}.Debug|Any CPU.Build.0 = Debug|Any CPU
		{D6CD76D0-26AF-478C-9126-AFA3577BDD0E}.Release|Any CPU.ActiveCfg = Release|Any CPU
		{D6CD76D0-26AF-478C-9126-AFA3577BDD0E}.Release|Any CPU.Build.0 = Release|Any CPU
	EndGlobalSection
	GlobalSection(SolutionProperties) = preSolution
		HideSolutionNode = FALSE
	EndGlobalSection
	GlobalSection(ExtensibilityGlobals) = postSolution
		SolutionGuid = {C63A5CC1-2099-4AC9-94B9-32F336C49229}
	EndGlobalSection
EndGlobal
